
Microsoft Visual Studio Solution File, Format Version 12.00
# Visual Studio 15
VisualStudioVersion = 15.0.26124.0
MinimumVisualStudioVersion = 15.0.26124.0
Project("{FAE04EC0-301F-11D3-BF4B-00C04F79EFBC}") = "Ultz.Bcl.Half", "Ultz.Bcl.Half\Ultz.Bcl.Half.csproj", "{5A0440B5-A2FB-4317-86DF-EFE3A4513105}"
EndProject
Project("{FAE04EC0-301F-11D3-BF4B-00C04F79EFBC}") = "Ultz.Bcl.Half.Fallback", "Ultz.Bcl.Half.Fallback\Ultz.Bcl.Half.Fallback.csproj", "{D1BD5808-93F6-482C-BD3C-B54480A3FA6F}"
EndProject
Project("{FAE04EC0-301F-11D3-BF4B-00C04F79EFBC}") = "Ultz.Extensions.PrivacyEnhancedMail", "Ultz.Extensions.PrivacyEnhancedMail\Ultz.Extensions.PrivacyEnhancedMail.csproj", "{E2EA2D5F-BF2E-416E-9A18-E8560F01D43E}"
EndProject
Project("{FAE04EC0-301F-11D3-BF4B-00C04F79EFBC}") = "Ultz.Extensions.Logging", "Ultz.Extensions.Logging\Ultz.Extensions.Logging.csproj", "{47E1B959-365D-4D51-8476-EE5806A8AB13}"
EndProject
Project("{FAE04EC0-301F-11D3-BF4B-00C04F79EFBC}") = "Ultz.Extensions.Commands", "Ultz.Extensions.Commands\Ultz.Extensions.Commands.csproj", "{B7157863-8A33-4D2F-B210-68E706DDF324}"
EndProject
Project("{FAE04EC0-301F-11D3-BF4B-00C04F79EFBC}") = "Ultz.Extensions.Events", "Ultz.Extensions.Events\Ultz.Extensions.Events.csproj", "{678EE11D-C01D-429B-ACEA-7F0F1BFDE1CC}"
EndProject
Global
	GlobalSection(SolutionConfigurationPlatforms) = preSolution
		Debug|Any CPU = Debug|Any CPU
		Debug|x64 = Debug|x64
		Debug|x86 = Debug|x86
		Release|Any CPU = Release|Any CPU
		Release|x64 = Release|x64
		Release|x86 = Release|x86
	EndGlobalSection
	GlobalSection(SolutionProperties) = preSolution
		HideSolutionNode = FALSE
	EndGlobalSection
	GlobalSection(ProjectConfigurationPlatforms) = postSolution
		{5A0440B5-A2FB-4317-86DF-EFE3A4513105}.Debug|Any CPU.ActiveCfg = Debug|Any CPU
		{5A0440B5-A2FB-4317-86DF-EFE3A4513105}.Debug|Any CPU.Build.0 = Debug|Any CPU
		{5A0440B5-A2FB-4317-86DF-EFE3A4513105}.Debug|x64.ActiveCfg = Debug|Any CPU
		{5A0440B5-A2FB-4317-86DF-EFE3A4513105}.Debug|x64.Build.0 = Debug|Any CPU
		{5A0440B5-A2FB-4317-86DF-EFE3A4513105}.Debug|x86.ActiveCfg = Debug|Any CPU
		{5A0440B5-A2FB-4317-86DF-EFE3A4513105}.Debug|x86.Build.0 = Debug|Any CPU
		{5A0440B5-A2FB-4317-86DF-EFE3A4513105}.Release|Any CPU.ActiveCfg = Release|Any CPU
		{5A0440B5-A2FB-4317-86DF-EFE3A4513105}.Release|Any CPU.Build.0 = Release|Any CPU
		{5A0440B5-A2FB-4317-86DF-EFE3A4513105}.Release|x64.ActiveCfg = Release|Any CPU
		{5A0440B5-A2FB-4317-86DF-EFE3A4513105}.Release|x64.Build.0 = Release|Any CPU
		{5A0440B5-A2FB-4317-86DF-EFE3A4513105}.Release|x86.ActiveCfg = Release|Any CPU
		{5A0440B5-A2FB-4317-86DF-EFE3A4513105}.Release|x86.Build.0 = Release|Any CPU
		{D1BD5808-93F6-482C-BD3C-B54480A3FA6F}.Debug|Any CPU.ActiveCfg = Debug|Any CPU
		{D1BD5808-93F6-482C-BD3C-B54480A3FA6F}.Debug|Any CPU.Build.0 = Debug|Any CPU
		{D1BD5808-93F6-482C-BD3C-B54480A3FA6F}.Debug|x64.ActiveCfg = Debug|Any CPU
		{D1BD5808-93F6-482C-BD3C-B54480A3FA6F}.Debug|x64.Build.0 = Debug|Any CPU
		{D1BD5808-93F6-482C-BD3C-B54480A3FA6F}.Debug|x86.ActiveCfg = Debug|Any CPU
		{D1BD5808-93F6-482C-BD3C-B54480A3FA6F}.Debug|x86.Build.0 = Debug|Any CPU
		{D1BD5808-93F6-482C-BD3C-B54480A3FA6F}.Release|Any CPU.ActiveCfg = Release|Any CPU
		{D1BD5808-93F6-482C-BD3C-B54480A3FA6F}.Release|Any CPU.Build.0 = Release|Any CPU
		{D1BD5808-93F6-482C-BD3C-B54480A3FA6F}.Release|x64.ActiveCfg = Release|Any CPU
		{D1BD5808-93F6-482C-BD3C-B54480A3FA6F}.Release|x64.Build.0 = Release|Any CPU
		{D1BD5808-93F6-482C-BD3C-B54480A3FA6F}.Release|x86.ActiveCfg = Release|Any CPU
		{D1BD5808-93F6-482C-BD3C-B54480A3FA6F}.Release|x86.Build.0 = Release|Any CPU
		{E2EA2D5F-BF2E-416E-9A18-E8560F01D43E}.Debug|Any CPU.ActiveCfg = Debug|Any CPU
		{E2EA2D5F-BF2E-416E-9A18-E8560F01D43E}.Debug|Any CPU.Build.0 = Debug|Any CPU
		{E2EA2D5F-BF2E-416E-9A18-E8560F01D43E}.Debug|x64.ActiveCfg = Debug|Any CPU
		{E2EA2D5F-BF2E-416E-9A18-E8560F01D43E}.Debug|x64.Build.0 = Debug|Any CPU
		{E2EA2D5F-BF2E-416E-9A18-E8560F01D43E}.Debug|x86.ActiveCfg = Debug|Any CPU
		{E2EA2D5F-BF2E-416E-9A18-E8560F01D43E}.Debug|x86.Build.0 = Debug|Any CPU
		{E2EA2D5F-BF2E-416E-9A18-E8560F01D43E}.Release|Any CPU.ActiveCfg = Release|Any CPU
		{E2EA2D5F-BF2E-416E-9A18-E8560F01D43E}.Release|Any CPU.Build.0 = Release|Any CPU
		{E2EA2D5F-BF2E-416E-9A18-E8560F01D43E}.Release|x64.ActiveCfg = Release|Any CPU
		{E2EA2D5F-BF2E-416E-9A18-E8560F01D43E}.Release|x64.Build.0 = Release|Any CPU
		{E2EA2D5F-BF2E-416E-9A18-E8560F01D43E}.Release|x86.ActiveCfg = Release|Any CPU
		{E2EA2D5F-BF2E-416E-9A18-E8560F01D43E}.Release|x86.Build.0 = Release|Any CPU
		{47E1B959-365D-4D51-8476-EE5806A8AB13}.Debug|Any CPU.ActiveCfg = Debug|Any CPU
		{47E1B959-365D-4D51-8476-EE5806A8AB13}.Debug|Any CPU.Build.0 = Debug|Any CPU
		{47E1B959-365D-4D51-8476-EE5806A8AB13}.Debug|x64.ActiveCfg = Debug|Any CPU
		{47E1B959-365D-4D51-8476-EE5806A8AB13}.Debug|x64.Build.0 = Debug|Any CPU
		{47E1B959-365D-4D51-8476-EE5806A8AB13}.Debug|x86.ActiveCfg = Debug|Any CPU
		{47E1B959-365D-4D51-8476-EE5806A8AB13}.Debug|x86.Build.0 = Debug|Any CPU
		{47E1B959-365D-4D51-8476-EE5806A8AB13}.Release|Any CPU.ActiveCfg = Release|Any CPU
		{47E1B959-365D-4D51-8476-EE5806A8AB13}.Release|Any CPU.Build.0 = Release|Any CPU
		{47E1B959-365D-4D51-8476-EE5806A8AB13}.Release|x64.ActiveCfg = Release|Any CPU
		{47E1B959-365D-4D51-8476-EE5806A8AB13}.Release|x64.Build.0 = Release|Any CPU
		{47E1B959-365D-4D51-8476-EE5806A8AB13}.Release|x86.ActiveCfg = Release|Any CPU
		{47E1B959-365D-4D51-8476-EE5806A8AB13}.Release|x86.Build.0 = Release|Any CPU
		{B7157863-8A33-4D2F-B210-68E706DDF324}.Debug|Any CPU.ActiveCfg = Debug|Any CPU
		{B7157863-8A33-4D2F-B210-68E706DDF324}.Debug|Any CPU.Build.0 = Debug|Any CPU
		{B7157863-8A33-4D2F-B210-68E706DDF324}.Debug|x64.ActiveCfg = Debug|Any CPU
		{B7157863-8A33-4D2F-B210-68E706DDF324}.Debug|x64.Build.0 = Debug|Any CPU
		{B7157863-8A33-4D2F-B210-68E706DDF324}.Debug|x86.ActiveCfg = Debug|Any CPU
		{B7157863-8A33-4D2F-B210-68E706DDF324}.Debug|x86.Build.0 = Debug|Any CPU
		{B7157863-8A33-4D2F-B210-68E706DDF324}.Release|Any CPU.ActiveCfg = Release|Any CPU
		{B7157863-8A33-4D2F-B210-68E706DDF324}.Release|Any CPU.Build.0 = Release|Any CPU
		{B7157863-8A33-4D2F-B210-68E706DDF324}.Release|x64.ActiveCfg = Release|Any CPU
		{B7157863-8A33-4D2F-B210-68E706DDF324}.Release|x64.Build.0 = Release|Any CPU
		{B7157863-8A33-4D2F-B210-68E706DDF324}.Release|x86.ActiveCfg = Release|Any CPU
		{B7157863-8A33-4D2F-B210-68E706DDF324}.Release|x86.Build.0 = Release|Any CPU
		{678EE11D-C01D-429B-ACEA-7F0F1BFDE1CC}.Debug|Any CPU.ActiveCfg = Debug|Any CPU
		{678EE11D-C01D-429B-ACEA-7F0F1BFDE1CC}.Debug|Any CPU.Build.0 = Debug|Any CPU
		{678EE11D-C01D-429B-ACEA-7F0F1BFDE1CC}.Debug|x64.ActiveCfg = Debug|Any CPU
		{678EE11D-C01D-429B-ACEA-7F0F1BFDE1CC}.Debug|x64.Build.0 = Debug|Any CPU
		{678EE11D-C01D-429B-ACEA-7F0F1BFDE1CC}.Debug|x86.ActiveCfg = Debug|Any CPU
		{678EE11D-C01D-429B-ACEA-7F0F1BFDE1CC}.Debug|x86.Build.0 = Debug|Any CPU
		{678EE11D-C01D-429B-ACEA-7F0F1BFDE1CC}.Release|Any CPU.ActiveCfg = Release|Any CPU
		{678EE11D-C01D-429B-ACEA-7F0F1BFDE1CC}.Release|Any CPU.Build.0 = Release|Any CPU
		{678EE11D-C01D-429B-ACEA-7F0F1BFDE1CC}.Release|x64.ActiveCfg = Release|Any CPU
		{678EE11D-C01D-429B-ACEA-7F0F1BFDE1CC}.Release|x64.Build.0 = Release|Any CPU
		{678EE11D-C01D-429B-ACEA-7F0F1BFDE1CC}.Release|x86.ActiveCfg = Release|Any CPU
		{678EE11D-C01D-429B-ACEA-7F0F1BFDE1CC}.Release|x86.Build.0 = Release|Any CPU
	EndGlobalSection
EndGlobal
